// !$*UTF8*$!
{
	archiveVersion = 1;
	classes = {
	};
	objectVersion = 46;
	objects = {

/* Begin PBXBuildFile section */
		488A580F1355AF3100D4C561 /* Foundation.framework in Frameworks */ = {isa = PBXBuildFile; fileRef = 488A580E1355AF3100D4C561 /* Foundation.framework */; };
		48A7DFAF1355B161002FDB7F /* UAXMLParser-Prefix.pch in Headers */ = {isa = PBXBuildFile; fileRef = 48A7DFAE1355B161002FDB7F /* UAXMLParser-Prefix.pch */; };
		48A7DFBA1355B18A002FDB7F /* BoyerMoore.cpp in Sources */ = {isa = PBXBuildFile; fileRef = 48A7DFB01355B18A002FDB7F /* BoyerMoore.cpp */; };
		48A7DFBC1355B18A002FDB7F /* UAXMLNode.h in Headers */ = {isa = PBXBuildFile; fileRef = 48A7DFB21355B18A002FDB7F /* UAXMLNode.h */; settings = {ATTRIBUTES = (Public, ); }; };
		48A7DFBD1355B18A002FDB7F /* UAXMLNode.mm in Sources */ = {isa = PBXBuildFile; fileRef = 48A7DFB31355B18A002FDB7F /* UAXMLNode.mm */; };
		48A7DFBE1355B18A002FDB7F /* UAXMLParser.h in Headers */ = {isa = PBXBuildFile; fileRef = 48A7DFB41355B18A002FDB7F /* UAXMLParser.h */; settings = {ATTRIBUTES = (Public, ); }; };
		48A7DFBF1355B18A002FDB7F /* UAXMLParser.mm in Sources */ = {isa = PBXBuildFile; fileRef = 48A7DFB51355B18A002FDB7F /* UAXMLParser.mm */; };
		48A7DFC01355B18A002FDB7F /* XMLNode.cpp in Sources */ = {isa = PBXBuildFile; fileRef = 48A7DFB61355B18A002FDB7F /* XMLNode.cpp */; };
		48A7DFC21355B18A002FDB7F /* XMLNodeList.cpp in Sources */ = {isa = PBXBuildFile; fileRef = 48A7DFB81355B18A002FDB7F /* XMLNodeList.cpp */; };
		A10D6F4E143F11B800B33875 /* UAARCSafeObject.m in Sources */ = {isa = PBXBuildFile; fileRef = A10D6F4C143F11B800B33875 /* UAARCSafeObject.m */; };
		A1339A0D14D7FCE2003B35F4 /* UAARCSafeObject.h in Headers */ = {isa = PBXBuildFile; fileRef = A10D6F4B143F11B800B33875 /* UAARCSafeObject.h */; settings = {ATTRIBUTES = (Public, ); }; };
/* End PBXBuildFile section */

/* Begin PBXFileReference section */
		488A580B1355AF3100D4C561 /* libUAXMLParser.a */ = {isa = PBXFileReference; explicitFileType = archive.ar; includeInIndex = 0; path = libUAXMLParser.a; sourceTree = BUILT_PRODUCTS_DIR; };
		488A580E1355AF3100D4C561 /* Foundation.framework */ = {isa = PBXFileReference; lastKnownFileType = wrapper.framework; name = Foundation.framework; path = System/Library/Frameworks/Foundation.framework; sourceTree = SDKROOT; };
		488A58191355AF3100D4C561 /* UIKit.framework */ = {isa = PBXFileReference; lastKnownFileType = wrapper.framework; name = UIKit.framework; path = System/Library/Frameworks/UIKit.framework; sourceTree = SDKROOT; };
		488A581C1355AF3100D4C561 /* CoreGraphics.framework */ = {isa = PBXFileReference; lastKnownFileType = wrapper.framework; name = CoreGraphics.framework; path = System/Library/Frameworks/CoreGraphics.framework; sourceTree = SDKROOT; };
		48A7DFAE1355B161002FDB7F /* UAXMLParser-Prefix.pch */ = {isa = PBXFileReference; fileEncoding = 4; lastKnownFileType = sourcecode.c.h; name = "UAXMLParser-Prefix.pch"; path = "UAXMLParser/UAXMLParser-Prefix.pch"; sourceTree = SOURCE_ROOT; };
		48A7DFB01355B18A002FDB7F /* BoyerMoore.cpp */ = {isa = PBXFileReference; fileEncoding = 4; lastKnownFileType = sourcecode.cpp.cpp; path = BoyerMoore.cpp; sourceTree = "<group>"; };
		48A7DFB11355B18A002FDB7F /* BoyerMoore.h */ = {isa = PBXFileReference; fileEncoding = 4; lastKnownFileType = sourcecode.c.h; path = BoyerMoore.h; sourceTree = "<group>"; };
		48A7DFB21355B18A002FDB7F /* UAXMLNode.h */ = {isa = PBXFileReference; fileEncoding = 4; lastKnownFileType = sourcecode.c.h; path = UAXMLNode.h; sourceTree = "<group>"; };
		48A7DFB31355B18A002FDB7F /* UAXMLNode.mm */ = {isa = PBXFileReference; fileEncoding = 4; lastKnownFileType = sourcecode.cpp.objcpp; path = UAXMLNode.mm; sourceTree = "<group>"; };
		48A7DFB41355B18A002FDB7F /* UAXMLParser.h */ = {isa = PBXFileReference; fileEncoding = 4; lastKnownFileType = sourcecode.c.h; name = UAXMLParser.h; path = UAXMLParser/UAXMLParser.h; sourceTree = SOURCE_ROOT; };
		48A7DFB51355B18A002FDB7F /* UAXMLParser.mm */ = {isa = PBXFileReference; fileEncoding = 4; lastKnownFileType = sourcecode.cpp.objcpp; path = UAXMLParser.mm; sourceTree = "<group>"; };
		48A7DFB61355B18A002FDB7F /* XMLNode.cpp */ = {isa = PBXFileReference; fileEncoding = 4; lastKnownFileType = sourcecode.cpp.cpp; path = XMLNode.cpp; sourceTree = "<group>"; };
		48A7DFB71355B18A002FDB7F /* XMLNode.h */ = {isa = PBXFileReference; fileEncoding = 4; lastKnownFileType = sourcecode.c.h; path = XMLNode.h; sourceTree = "<group>"; };
		48A7DFB81355B18A002FDB7F /* XMLNodeList.cpp */ = {isa = PBXFileReference; fileEncoding = 4; lastKnownFileType = sourcecode.cpp.cpp; path = XMLNodeList.cpp; sourceTree = "<group>"; };
		48A7DFB91355B18A002FDB7F /* XMLNodeList.h */ = {isa = PBXFileReference; fileEncoding = 4; lastKnownFileType = sourcecode.c.h; path = XMLNodeList.h; sourceTree = "<group>"; };
		48FCC1D9135997CC00F90366 /* LICENSE */ = {isa = PBXFileReference; fileEncoding = 4; lastKnownFileType = text; path = LICENSE; sourceTree = "<group>"; };
		48FCC1F31359B2C800F90366 /* README */ = {isa = PBXFileReference; fileEncoding = 4; lastKnownFileType = text; name = README; path = ../README; sourceTree = "<group>"; };
		A10D6F4B143F11B800B33875 /* UAARCSafeObject.h */ = {isa = PBXFileReference; fileEncoding = 4; lastKnownFileType = sourcecode.c.h; path = UAARCSafeObject.h; sourceTree = "<group>"; };
		A10D6F4C143F11B800B33875 /* UAARCSafeObject.m */ = {isa = PBXFileReference; fileEncoding = 4; lastKnownFileType = sourcecode.c.objc; path = UAARCSafeObject.m; sourceTree = "<group>"; };
/* End PBXFileReference section */

/* Begin PBXFrameworksBuildPhase section */
		488A58081355AF3100D4C561 /* Frameworks */ = {
			isa = PBXFrameworksBuildPhase;
			buildActionMask = 2147483647;
			files = (
				488A580F1355AF3100D4C561 /* Foundation.framework in Frameworks */,
			);
			runOnlyForDeploymentPostprocessing = 0;
		};
/* End PBXFrameworksBuildPhase section */

/* Begin PBXGroup section */
		488A58001355AF3100D4C561 = {
			isa = PBXGroup;
			children = (
				488A58101355AF3100D4C561 /* UAXMLParser */,
				488A580D1355AF3100D4C561 /* Frameworks */,
				488A580C1355AF3100D4C561 /* Products */,
			);
			sourceTree = "<group>";
		};
		488A580C1355AF3100D4C561 /* Products */ = {
			isa = PBXGroup;
			children = (
				488A580B1355AF3100D4C561 /* libUAXMLParser.a */,
			);
			name = Products;
			sourceTree = "<group>";
		};
		488A580D1355AF3100D4C561 /* Frameworks */ = {
			isa = PBXGroup;
			children = (
				488A580E1355AF3100D4C561 /* Foundation.framework */,
				488A58191355AF3100D4C561 /* UIKit.framework */,
				488A581C1355AF3100D4C561 /* CoreGraphics.framework */,
			);
			name = Frameworks;
			sourceTree = "<group>";
		};
		488A58101355AF3100D4C561 /* UAXMLParser */ = {
			isa = PBXGroup;
			children = (
				A10D6F4B143F11B800B33875 /* UAARCSafeObject.h */,
				A10D6F4C143F11B800B33875 /* UAARCSafeObject.m */,
				48A7DFB01355B18A002FDB7F /* BoyerMoore.cpp */,
				48A7DFB11355B18A002FDB7F /* BoyerMoore.h */,
				48A7DFB21355B18A002FDB7F /* UAXMLNode.h */,
				48A7DFB31355B18A002FDB7F /* UAXMLNode.mm */,
				48A7DFB41355B18A002FDB7F /* UAXMLParser.h */,
				48A7DFB51355B18A002FDB7F /* UAXMLParser.mm */,
				48A7DFB61355B18A002FDB7F /* XMLNode.cpp */,
				48A7DFB71355B18A002FDB7F /* XMLNode.h */,
				48A7DFB81355B18A002FDB7F /* XMLNodeList.cpp */,
				48A7DFB91355B18A002FDB7F /* XMLNodeList.h */,
				488A58111355AF3100D4C561 /* Supporting Files */,
				48FCC1D9135997CC00F90366 /* LICENSE */,
				48FCC1F31359B2C800F90366 /* README */,
			);
			path = UAXMLParser;
			sourceTree = "<group>";
		};
		488A58111355AF3100D4C561 /* Supporting Files */ = {
			isa = PBXGroup;
			children = (
				48A7DFAE1355B161002FDB7F /* UAXMLParser-Prefix.pch */,
			);
			name = "Supporting Files";
			sourceTree = "<group>";
		};
/* End PBXGroup section */

/* Begin PBXHeadersBuildPhase section */
		488A58091355AF3100D4C561 /* Headers */ = {
			isa = PBXHeadersBuildPhase;
			buildActionMask = 2147483647;
			files = (
				48A7DFAF1355B161002FDB7F /* UAXMLParser-Prefix.pch in Headers */,
				48A7DFBC1355B18A002FDB7F /* UAXMLNode.h in Headers */,
				48A7DFBE1355B18A002FDB7F /* UAXMLParser.h in Headers */,
				A1339A0D14D7FCE2003B35F4 /* UAARCSafeObject.h in Headers */,
			);
			runOnlyForDeploymentPostprocessing = 0;
		};
/* End PBXHeadersBuildPhase section */

/* Begin PBXNativeTarget section */
		488A580A1355AF3100D4C561 /* UAXMLParser */ = {
			isa = PBXNativeTarget;
			buildConfigurationList = 488A582E1355AF3100D4C561 /* Build configuration list for PBXNativeTarget "UAXMLParser" */;
			buildPhases = (
				488A58071355AF3100D4C561 /* Sources */,
				488A58081355AF3100D4C561 /* Frameworks */,
				488A58091355AF3100D4C561 /* Headers */,
			);
			buildRules = (
			);
			dependencies = (
			);
			name = UAXMLParser;
			productName = UAXMLParser;
			productReference = 488A580B1355AF3100D4C561 /* libUAXMLParser.a */;
			productType = "com.apple.product-type.library.static";
		};
/* End PBXNativeTarget section */

/* Begin PBXProject section */
		488A58021355AF3100D4C561 /* Project object */ = {
			isa = PBXProject;
			attributes = {
				LastUpgradeCheck = 0420;
			};
			buildConfigurationList = 488A58051355AF3100D4C561 /* Build configuration list for PBXProject "UAXMLParser" */;
			compatibilityVersion = "Xcode 3.2";
			developmentRegion = English;
			hasScannedForEncodings = 0;
			knownRegions = (
				en,
			);
			mainGroup = 488A58001355AF3100D4C561;
			productRefGroup = 488A580C1355AF3100D4C561 /* Products */;
			projectDirPath = "";
			projectRoot = "";
			targets = (
				488A580A1355AF3100D4C561 /* UAXMLParser */,
			);
		};
/* End PBXProject section */

/* Begin PBXSourcesBuildPhase section */
		488A58071355AF3100D4C561 /* Sources */ = {
			isa = PBXSourcesBuildPhase;
			buildActionMask = 2147483647;
			files = (
				48A7DFBA1355B18A002FDB7F /* BoyerMoore.cpp in Sources */,
				48A7DFBD1355B18A002FDB7F /* UAXMLNode.mm in Sources */,
				48A7DFBF1355B18A002FDB7F /* UAXMLParser.mm in Sources */,
				48A7DFC01355B18A002FDB7F /* XMLNode.cpp in Sources */,
				48A7DFC21355B18A002FDB7F /* XMLNodeList.cpp in Sources */,
				A10D6F4E143F11B800B33875 /* UAARCSafeObject.m in Sources */,
			);
			runOnlyForDeploymentPostprocessing = 0;
		};
/* End PBXSourcesBuildPhase section */

/* Begin XCBuildConfiguration section */
		488A582C1355AF3100D4C561 /* Debug */ = {
			isa = XCBuildConfiguration;
			buildSettings = {
				ARCHS = "$(ARCHS_STANDARD_32_BIT)";
				GCC_C_LANGUAGE_STANDARD = gnu99;
				GCC_OPTIMIZATION_LEVEL = 0;
				GCC_PREPROCESSOR_DEFINITIONS = DEBUG;
				GCC_SYMBOLS_PRIVATE_EXTERN = NO;
				GCC_VERSION = com.apple.compilers.llvmgcc42;
				GCC_WARN_ABOUT_RETURN_TYPE = YES;
				GCC_WARN_UNUSED_VARIABLE = YES;
				IPHONEOS_DEPLOYMENT_TARGET = 4.3;
				SDKROOT = iphoneos;
			};
			name = Debug;
		};
		488A582D1355AF3100D4C561 /* Release */ = {
			isa = XCBuildConfiguration;
			buildSettings = {
				ARCHS = "$(ARCHS_STANDARD_32_BIT)";
				GCC_C_LANGUAGE_STANDARD = gnu99;
				GCC_VERSION = com.apple.compilers.llvmgcc42;
				GCC_WARN_ABOUT_RETURN_TYPE = YES;
				GCC_WARN_UNUSED_VARIABLE = YES;
				IPHONEOS_DEPLOYMENT_TARGET = 4.3;
				SDKROOT = iphoneos;
			};
			name = Release;
		};
		488A582F1355AF3100D4C561 /* Debug */ = {
			isa = XCBuildConfiguration;
			buildSettings = {
				ALWAYS_SEARCH_USER_PATHS = NO;
				DSTROOT = /tmp/UAXMLParser.dst;
				GCC_PRECOMPILE_PREFIX_HEADER = YES;
				GCC_PREFIX_HEADER = "UAXMLParser/UAXMLParser-Prefix.pch";
				GCC_VERSION = com.apple.compilers.llvm.clang.1_0;
				OTHER_LDFLAGS = (
					"-all_load",
					"-ObjC",
				);
				PRODUCT_NAME = "$(TARGET_NAME)";
			};
			name = Debug;
		};
		488A58301355AF3100D4C561 /* Release */ = {
			isa = XCBuildConfiguration;
			buildSettings = {
				ALWAYS_SEARCH_USER_PATHS = NO;
				DSTROOT = /tmp/UAXMLParser.dst;
				GCC_PRECOMPILE_PREFIX_HEADER = YES;
				GCC_PREFIX_HEADER = "UAXMLParser/UAXMLParser-Prefix.pch";
				GCC_VERSION = com.apple.compilers.llvm.clang.1_0;
				OTHER_LDFLAGS = (
					"-all_load",
					"-ObjC",
				);
				PRODUCT_NAME = "$(TARGET_NAME)";
			};
			name = Release;
		};
/* End XCBuildConfiguration section */

/* Begin XCConfigurationList section */
		488A58051355AF3100D4C561 /* Build configuration list for PBXProject "UAXMLParser" */ = {
			isa = XCConfigurationList;
			buildConfigurations = (
				488A582C1355AF3100D4C561 /* Debug */,
				488A582D1355AF3100D4C561 /* Release */,
			);
			defaultConfigurationIsVisible = 0;
			defaultConfigurationName = Release;
		};
		488A582E1355AF3100D4C561 /* Build configuration list for PBXNativeTarget "UAXMLParser" */ = {
			isa = XCConfigurationList;
			buildConfigurations = (
				488A582F1355AF3100D4C561 /* Debug */,
				488A58301355AF3100D4C561 /* Release */,
			);
			defaultConfigurationIsVisible = 0;
			defaultConfigurationName = Release;
		};
/* End XCConfigurationList section */
	};
	rootObject = 488A58021355AF3100D4C561 /* Project object */;
}
